
Microsoft Visual Studio Solution File, Format Version 12.00
# Visual Studio 15
VisualStudioVersion = 15.0.28307.489
MinimumVisualStudioVersion = 10.0.40219.1
Project("{FAE04EC0-301F-11D3-BF4B-00C04F79EFBC}") = "RemoveDuplicateCharacter", "RemoveDuplicateCharacter\RemoveDuplicateCharacter.csproj", "{CA0F64F8-A111-4A95-A98E-B9C61A287D4C}"
EndProject
Global
	GlobalSection(SolutionConfigurationPlatforms) = preSolution
		Debug|Any CPU = Debug|Any CPU
		Release|Any CPU = Release|Any CPU
	EndGlobalSection
	GlobalSection(ProjectConfigurationPlatforms) = postSolution
		{CA0F64F8-A111-4A95-A98E-B9C61A287D4C}.Debug|Any CPU.ActiveCfg = Debug|Any CPU
		{CA0F64F8-A111-4A95-A98E-B9C61A287D4C}.Debug|Any CPU.Build.0 = Debug|Any CPU
		{CA0F64F8-A111-4A95-A98E-B9C61A287D4C}.Release|Any CPU.ActiveCfg = Release|Any CPU
		{CA0F64F8-A111-4A95-A98E-B9C61A287D4C}.Release|Any CPU.Build.0 = Release|Any CPU
	EndGlobalSection
	GlobalSection(SolutionProperties) = preSolution
		HideSolutionNode = FALSE
	EndGlobalSection
	GlobalSection(ExtensibilityGlobals) = postSolution
		SolutionGuid = {2C334222-6B97-4899-9E1E-1AC467E98B00}
	EndGlobalSection
EndGlobal
