
Microsoft Visual Studio Solution File, Format Version 12.00
# Visual Studio 15
VisualStudioVersion = 15.0.28307.489
MinimumVisualStudioVersion = 10.0.40219.1
Project("{FAE04EC0-301F-11D3-BF4B-00C04F79EFBC}") = "UniqueWaysToClimbSteps", "UniqueWaysToClimbSteps\UniqueWaysToClimbSteps.csproj", "{A14E9308-787F-4E6B-84BC-F11FB1D91B9C}"
EndProject
Global
	GlobalSection(SolutionConfigurationPlatforms) = preSolution
		Debug|Any CPU = Debug|Any CPU
		Release|Any CPU = Release|Any CPU
	EndGlobalSection
	GlobalSection(ProjectConfigurationPlatforms) = postSolution
		{A14E9308-787F-4E6B-84BC-F11FB1D91B9C}.Debug|Any CPU.ActiveCfg = Debug|Any CPU
		{A14E9308-787F-4E6B-84BC-F11FB1D91B9C}.Debug|Any CPU.Build.0 = Debug|Any CPU
		{A14E9308-787F-4E6B-84BC-F11FB1D91B9C}.Release|Any CPU.ActiveCfg = Release|Any CPU
		{A14E9308-787F-4E6B-84BC-F11FB1D91B9C}.Release|Any CPU.Build.0 = Release|Any CPU
	EndGlobalSection
	GlobalSection(SolutionProperties) = preSolution
		HideSolutionNode = FALSE
	EndGlobalSection
	GlobalSection(ExtensibilityGlobals) = postSolution
		SolutionGuid = {AC09915F-AD5C-427D-809B-98854D4179DC}
	EndGlobalSection
EndGlobal
